
Microsoft Visual Studio Solution File, Format Version 12.00
# Visual Studio 2013
VisualStudioVersion = 12.0.31101.0
MinimumVisualStudioVersion = 10.0.40219.1
Project("{FAE04EC0-301F-11D3-BF4B-00C04F79EFBC}") = "srcbackup", "srcbackup\srcbackup.csproj", "{8EC79FAD-DF5F-4556-A545-F0C31CC77573}"
EndProject
Project("{FAE04EC0-301F-11D3-BF4B-00C04F79EFBC}") = "GitIgnorer", "GitIgnorer\GitIgnorer.csproj", "{B98A7A8D-3C71-47DE-9D1D-2C0CCA4F45D7}"
EndProject
Project("{FAE04EC0-301F-11D3-BF4B-00C04F79EFBC}") = "GitIgnorer.Tests", "GitIgnorer.Tests\GitIgnorer.Tests.csproj", "{C6DDA8B4-32C8-4F6A-B3C7-A9F50B4A988E}"
EndProject
Global
	GlobalSection(SolutionConfigurationPlatforms) = preSolution
		Debug|Any CPU = Debug|Any CPU
		Release|Any CPU = Release|Any CPU
	EndGlobalSection
	GlobalSection(ProjectConfigurationPlatforms) = postSolution
		{8EC79FAD-DF5F-4556-A545-F0C31CC77573}.Debug|Any CPU.ActiveCfg = Debug|Any CPU
		{8EC79FAD-DF5F-4556-A545-F0C31CC77573}.Debug|Any CPU.Build.0 = Debug|Any CPU
		{8EC79FAD-DF5F-4556-A545-F0C31CC77573}.Release|Any CPU.ActiveCfg = Release|Any CPU
		{8EC79FAD-DF5F-4556-A545-F0C31CC77573}.Release|Any CPU.Build.0 = Release|Any CPU
		{B98A7A8D-3C71-47DE-9D1D-2C0CCA4F45D7}.Debug|Any CPU.ActiveCfg = Debug|Any CPU
		{B98A7A8D-3C71-47DE-9D1D-2C0CCA4F45D7}.Debug|Any CPU.Build.0 = Debug|Any CPU
		{B98A7A8D-3C71-47DE-9D1D-2C0CCA4F45D7}.Release|Any CPU.ActiveCfg = Release|Any CPU
		{B98A7A8D-3C71-47DE-9D1D-2C0CCA4F45D7}.Release|Any CPU.Build.0 = Release|Any CPU
		{C6DDA8B4-32C8-4F6A-B3C7-A9F50B4A988E}.Debug|Any CPU.ActiveCfg = Debug|Any CPU
		{C6DDA8B4-32C8-4F6A-B3C7-A9F50B4A988E}.Debug|Any CPU.Build.0 = Debug|Any CPU
		{C6DDA8B4-32C8-4F6A-B3C7-A9F50B4A988E}.Release|Any CPU.ActiveCfg = Release|Any CPU
		{C6DDA8B4-32C8-4F6A-B3C7-A9F50B4A988E}.Release|Any CPU.Build.0 = Release|Any CPU
	EndGlobalSection
	GlobalSection(SolutionProperties) = preSolution
		HideSolutionNode = FALSE
	EndGlobalSection
EndGlobal
